
Microsoft Visual Studio Solution File, Format Version 12.00
# Visual Studio Version 17
VisualStudioVersion = 17.8.34309.116
MinimumVisualStudioVersion = 10.0.40219.1
Project("{2150E333-8FDC-42A3-9474-1A3956D46DE8}") = "Sprint0", "Sprint0", "{9595C43B-3193-4585-BE9E-6E19627F38CE}"
EndProject
Project("{9A19103F-16F7-4668-BE54-9A1E7A4F7556}") = "A", "Sprint0\A\A.csproj", "{66847771-1D87-4C9D-BA57-18609BDB2C08}"
EndProject
Project("{9A19103F-16F7-4668-BE54-9A1E7A4F7556}") = "B", "Sprint0\B\B.csproj", "{7EBDCE22-3BD4-4DAA-97E7-0905B043EF66}"
EndProject
Project("{9A19103F-16F7-4668-BE54-9A1E7A4F7556}") = "C", "Sprint0\C\C.csproj", "{6ECD0BFC-6D3D-4DAE-A70B-F94778336D05}"
EndProject
Project("{9A19103F-16F7-4668-BE54-9A1E7A4F7556}") = "D", "Sprint0\D\D.csproj", "{3F4C3BCF-B3A1-4957-A1A3-A774E834B6E6}"
EndProject
Project("{9A19103F-16F7-4668-BE54-9A1E7A4F7556}") = "E", "Sprint0\E\E.csproj", "{DB661DA7-4754-4783-B2C4-6BD0EC7C120C}"
EndProject
Project("{2150E333-8FDC-42A3-9474-1A3956D46DE8}") = "Sprint1", "Sprint1", "{A5BA9ABE-2783-4854-9AF6-9FA4990079EC}"
EndProject
Project("{9A19103F-16F7-4668-BE54-9A1E7A4F7556}") = "A", "Sprint1\A\A.csproj", "{F048397A-AFE7-4380-92A2-6130816E6946}"
EndProject
Project("{9A19103F-16F7-4668-BE54-9A1E7A4F7556}") = "B", "Sprint1\B\B.csproj", "{F03CB2F9-84E0-40D7-97E0-A23F2298726E}"
EndProject
Project("{9A19103F-16F7-4668-BE54-9A1E7A4F7556}") = "C", "Sprint1\C\C.csproj", "{3F495DAD-87CD-4D6D-8EE6-1BD64247C010}"
EndProject
Project("{9A19103F-16F7-4668-BE54-9A1E7A4F7556}") = "D", "Sprint1\D\D.csproj", "{DF21605A-F24A-4CD8-8D57-CE53A1184D50}"
EndProject
Project("{9A19103F-16F7-4668-BE54-9A1E7A4F7556}") = "E", "Sprint1\E\E.csproj", "{AD856E7E-72D2-42C0-A3C5-642BF39BE8AE}"
EndProject
Project("{9A19103F-16F7-4668-BE54-9A1E7A4F7556}") = "F", "Sprint1\F\F.csproj", "{E22B281C-550C-4571-8420-B8D9729B6875}"
EndProject
Project("{9A19103F-16F7-4668-BE54-9A1E7A4F7556}") = "G", "Sprint1\G\G.csproj", "{12FD7014-AE84-414B-BA97-1E313FCB105E}"
EndProject
Project("{9A19103F-16F7-4668-BE54-9A1E7A4F7556}") = "H", "Sprint1\H\H.csproj", "{A27B824A-20E8-46D8-BA3D-4E0F57EA8B69}"
EndProject
Project("{9A19103F-16F7-4668-BE54-9A1E7A4F7556}") = "I", "Sprint1\I\I.csproj", "{5CFF4D36-DD65-40FA-BE1D-3431333B67A2}"
EndProject
Project("{9A19103F-16F7-4668-BE54-9A1E7A4F7556}") = "J", "Sprint1\J\J.csproj", "{2AF82C3D-1291-4DDD-BE0A-CC69603F465A}"
EndProject
Project("{2150E333-8FDC-42A3-9474-1A3956D46DE8}") = "Sprint1_final", "Sprint1_final", "{183DAF71-B058-42AA-A36D-9F3A84F3D628}"
EndProject
Project("{9A19103F-16F7-4668-BE54-9A1E7A4F7556}") = "A", "Sprint1_final\A\A.csproj", "{F1560EBC-32B7-4B04-B498-699149E8DF56}"
EndProject
Project("{9A19103F-16F7-4668-BE54-9A1E7A4F7556}") = "A.Test", "Sprint1_final\A.Test\A.Test.csproj", "{4FDAC4D1-5480-4775-9480-2D4ABE38A2AD}"
EndProject
Project("{9A19103F-16F7-4668-BE54-9A1E7A4F7556}") = "B", "Sprint1_final\B\B.csproj", "{331DF43A-74D9-42E8-B4E7-73130F9FFBC5}"
EndProject
Project("{9A19103F-16F7-4668-BE54-9A1E7A4F7556}") = "B.Test", "Sprint1_final\B.Test\B.Test.csproj", "{E7488E95-BCC7-41C3-969D-67F13F834319}"
EndProject
Project("{2150E333-8FDC-42A3-9474-1A3956D46DE8}") = "Sprint2", "Sprint2", "{AC7C38A3-88D4-443C-AD6D-2E6500F43D1F}"
EndProject
Project("{9A19103F-16F7-4668-BE54-9A1E7A4F7556}") = "A", "Sprint2\A\A.csproj", "{7208629F-590E-4845-BD74-CEDF47097CBF}"
EndProject
Project("{9A19103F-16F7-4668-BE54-9A1E7A4F7556}") = "B", "Sprint2\B\B.csproj", "{98D4E57F-055A-443D-B8EE-2D1C01767710}"
EndProject
Project("{9A19103F-16F7-4668-BE54-9A1E7A4F7556}") = "C", "Sprint2\C\C.csproj", "{727D34F6-9EBF-44F1-A1BB-84B5F110A85F}"
EndProject
Project("{9A19103F-16F7-4668-BE54-9A1E7A4F7556}") = "D", "Sprint2\D\D.csproj", "{C05CD130-4CEE-4DF4-A0AD-1979CBA37ECA}"
EndProject
Project("{9A19103F-16F7-4668-BE54-9A1E7A4F7556}") = "E", "Sprint2\E\E.csproj", "{B8B8D500-7D0E-4DA4-9FE5-7B621BB32975}"
EndProject
Project("{9A19103F-16F7-4668-BE54-9A1E7A4F7556}") = "F", "Sprint2\F\F.csproj", "{2CA2D223-CA78-4B70-BCE4-6D4C3345094A}"
EndProject
Project("{FAE04EC0-301F-11D3-BF4B-00C04F79EFBC}") = "G", "Sprint2\G\G.csproj", "{AB01F41E-8028-4263-A2B4-278555ECF25E}"
EndProject
Project("{FAE04EC0-301F-11D3-BF4B-00C04F79EFBC}") = "H", "Sprint2\H\H.csproj", "{46A416E2-9C63-4B03-AB4D-96EB240C0B00}"
EndProject
Project("{FAE04EC0-301F-11D3-BF4B-00C04F79EFBC}") = "I", "Sprint2\I\I.csproj", "{3A988CB0-66F0-41AD-A071-F4701FB53CBB}"
EndProject
Project("{FAE04EC0-301F-11D3-BF4B-00C04F79EFBC}") = "J", "J\J.csproj", "{652ECF5C-351F-46CA-9066-572477CF2706}"
EndProject
Global
	GlobalSection(SolutionConfigurationPlatforms) = preSolution
		Debug|Any CPU = Debug|Any CPU
		Release|Any CPU = Release|Any CPU
	EndGlobalSection
	GlobalSection(ProjectConfigurationPlatforms) = postSolution
		{66847771-1D87-4C9D-BA57-18609BDB2C08}.Debug|Any CPU.ActiveCfg = Debug|Any CPU
		{66847771-1D87-4C9D-BA57-18609BDB2C08}.Debug|Any CPU.Build.0 = Debug|Any CPU
		{66847771-1D87-4C9D-BA57-18609BDB2C08}.Release|Any CPU.ActiveCfg = Release|Any CPU
		{66847771-1D87-4C9D-BA57-18609BDB2C08}.Release|Any CPU.Build.0 = Release|Any CPU
		{7EBDCE22-3BD4-4DAA-97E7-0905B043EF66}.Debug|Any CPU.ActiveCfg = Debug|Any CPU
		{7EBDCE22-3BD4-4DAA-97E7-0905B043EF66}.Debug|Any CPU.Build.0 = Debug|Any CPU
		{7EBDCE22-3BD4-4DAA-97E7-0905B043EF66}.Release|Any CPU.ActiveCfg = Release|Any CPU
		{7EBDCE22-3BD4-4DAA-97E7-0905B043EF66}.Release|Any CPU.Build.0 = Release|Any CPU
		{6ECD0BFC-6D3D-4DAE-A70B-F94778336D05}.Debug|Any CPU.ActiveCfg = Debug|Any CPU
		{6ECD0BFC-6D3D-4DAE-A70B-F94778336D05}.Debug|Any CPU.Build.0 = Debug|Any CPU
		{6ECD0BFC-6D3D-4DAE-A70B-F94778336D05}.Release|Any CPU.ActiveCfg = Release|Any CPU
		{6ECD0BFC-6D3D-4DAE-A70B-F94778336D05}.Release|Any CPU.Build.0 = Release|Any CPU
		{3F4C3BCF-B3A1-4957-A1A3-A774E834B6E6}.Debug|Any CPU.ActiveCfg = Debug|Any CPU
		{3F4C3BCF-B3A1-4957-A1A3-A774E834B6E6}.Debug|Any CPU.Build.0 = Debug|Any CPU
		{3F4C3BCF-B3A1-4957-A1A3-A774E834B6E6}.Release|Any CPU.ActiveCfg = Release|Any CPU
		{3F4C3BCF-B3A1-4957-A1A3-A774E834B6E6}.Release|Any CPU.Build.0 = Release|Any CPU
		{DB661DA7-4754-4783-B2C4-6BD0EC7C120C}.Debug|Any CPU.ActiveCfg = Debug|Any CPU
		{DB661DA7-4754-4783-B2C4-6BD0EC7C120C}.Debug|Any CPU.Build.0 = Debug|Any CPU
		{DB661DA7-4754-4783-B2C4-6BD0EC7C120C}.Release|Any CPU.ActiveCfg = Release|Any CPU
		{DB661DA7-4754-4783-B2C4-6BD0EC7C120C}.Release|Any CPU.Build.0 = Release|Any CPU
		{F048397A-AFE7-4380-92A2-6130816E6946}.Debug|Any CPU.ActiveCfg = Debug|Any CPU
		{F048397A-AFE7-4380-92A2-6130816E6946}.Debug|Any CPU.Build.0 = Debug|Any CPU
		{F048397A-AFE7-4380-92A2-6130816E6946}.Release|Any CPU.ActiveCfg = Release|Any CPU
		{F048397A-AFE7-4380-92A2-6130816E6946}.Release|Any CPU.Build.0 = Release|Any CPU
		{F03CB2F9-84E0-40D7-97E0-A23F2298726E}.Debug|Any CPU.ActiveCfg = Debug|Any CPU
		{F03CB2F9-84E0-40D7-97E0-A23F2298726E}.Debug|Any CPU.Build.0 = Debug|Any CPU
		{F03CB2F9-84E0-40D7-97E0-A23F2298726E}.Release|Any CPU.ActiveCfg = Release|Any CPU
		{F03CB2F9-84E0-40D7-97E0-A23F2298726E}.Release|Any CPU.Build.0 = Release|Any CPU
		{3F495DAD-87CD-4D6D-8EE6-1BD64247C010}.Debug|Any CPU.ActiveCfg = Debug|Any CPU
		{3F495DAD-87CD-4D6D-8EE6-1BD64247C010}.Debug|Any CPU.Build.0 = Debug|Any CPU
		{3F495DAD-87CD-4D6D-8EE6-1BD64247C010}.Release|Any CPU.ActiveCfg = Release|Any CPU
		{3F495DAD-87CD-4D6D-8EE6-1BD64247C010}.Release|Any CPU.Build.0 = Release|Any CPU
		{DF21605A-F24A-4CD8-8D57-CE53A1184D50}.Debug|Any CPU.ActiveCfg = Debug|Any CPU
		{DF21605A-F24A-4CD8-8D57-CE53A1184D50}.Debug|Any CPU.Build.0 = Debug|Any CPU
		{DF21605A-F24A-4CD8-8D57-CE53A1184D50}.Release|Any CPU.ActiveCfg = Release|Any CPU
		{DF21605A-F24A-4CD8-8D57-CE53A1184D50}.Release|Any CPU.Build.0 = Release|Any CPU
		{AD856E7E-72D2-42C0-A3C5-642BF39BE8AE}.Debug|Any CPU.ActiveCfg = Debug|Any CPU
		{AD856E7E-72D2-42C0-A3C5-642BF39BE8AE}.Debug|Any CPU.Build.0 = Debug|Any CPU
		{AD856E7E-72D2-42C0-A3C5-642BF39BE8AE}.Release|Any CPU.ActiveCfg = Release|Any CPU
		{AD856E7E-72D2-42C0-A3C5-642BF39BE8AE}.Release|Any CPU.Build.0 = Release|Any CPU
		{E22B281C-550C-4571-8420-B8D9729B6875}.Debug|Any CPU.ActiveCfg = Debug|Any CPU
		{E22B281C-550C-4571-8420-B8D9729B6875}.Debug|Any CPU.Build.0 = Debug|Any CPU
		{E22B281C-550C-4571-8420-B8D9729B6875}.Release|Any CPU.ActiveCfg = Release|Any CPU
		{E22B281C-550C-4571-8420-B8D9729B6875}.Release|Any CPU.Build.0 = Release|Any CPU
		{12FD7014-AE84-414B-BA97-1E313FCB105E}.Debug|Any CPU.ActiveCfg = Debug|Any CPU
		{12FD7014-AE84-414B-BA97-1E313FCB105E}.Debug|Any CPU.Build.0 = Debug|Any CPU
		{12FD7014-AE84-414B-BA97-1E313FCB105E}.Release|Any CPU.ActiveCfg = Release|Any CPU
		{12FD7014-AE84-414B-BA97-1E313FCB105E}.Release|Any CPU.Build.0 = Release|Any CPU
		{A27B824A-20E8-46D8-BA3D-4E0F57EA8B69}.Debug|Any CPU.ActiveCfg = Debug|Any CPU
		{A27B824A-20E8-46D8-BA3D-4E0F57EA8B69}.Debug|Any CPU.Build.0 = Debug|Any CPU
		{A27B824A-20E8-46D8-BA3D-4E0F57EA8B69}.Release|Any CPU.ActiveCfg = Release|Any CPU
		{A27B824A-20E8-46D8-BA3D-4E0F57EA8B69}.Release|Any CPU.Build.0 = Release|Any CPU
		{5CFF4D36-DD65-40FA-BE1D-3431333B67A2}.Debug|Any CPU.ActiveCfg = Debug|Any CPU
		{5CFF4D36-DD65-40FA-BE1D-3431333B67A2}.Debug|Any CPU.Build.0 = Debug|Any CPU
		{5CFF4D36-DD65-40FA-BE1D-3431333B67A2}.Release|Any CPU.ActiveCfg = Release|Any CPU
		{5CFF4D36-DD65-40FA-BE1D-3431333B67A2}.Release|Any CPU.Build.0 = Release|Any CPU
		{2AF82C3D-1291-4DDD-BE0A-CC69603F465A}.Debug|Any CPU.ActiveCfg = Debug|Any CPU
		{2AF82C3D-1291-4DDD-BE0A-CC69603F465A}.Debug|Any CPU.Build.0 = Debug|Any CPU
		{2AF82C3D-1291-4DDD-BE0A-CC69603F465A}.Release|Any CPU.ActiveCfg = Release|Any CPU
		{2AF82C3D-1291-4DDD-BE0A-CC69603F465A}.Release|Any CPU.Build.0 = Release|Any CPU
		{F1560EBC-32B7-4B04-B498-699149E8DF56}.Debug|Any CPU.ActiveCfg = Debug|Any CPU
		{F1560EBC-32B7-4B04-B498-699149E8DF56}.Debug|Any CPU.Build.0 = Debug|Any CPU
		{F1560EBC-32B7-4B04-B498-699149E8DF56}.Release|Any CPU.ActiveCfg = Release|Any CPU
		{F1560EBC-32B7-4B04-B498-699149E8DF56}.Release|Any CPU.Build.0 = Release|Any CPU
		{4FDAC4D1-5480-4775-9480-2D4ABE38A2AD}.Debug|Any CPU.ActiveCfg = Debug|Any CPU
		{4FDAC4D1-5480-4775-9480-2D4ABE38A2AD}.Debug|Any CPU.Build.0 = Debug|Any CPU
		{4FDAC4D1-5480-4775-9480-2D4ABE38A2AD}.Release|Any CPU.ActiveCfg = Release|Any CPU
		{4FDAC4D1-5480-4775-9480-2D4ABE38A2AD}.Release|Any CPU.Build.0 = Release|Any CPU
		{331DF43A-74D9-42E8-B4E7-73130F9FFBC5}.Debug|Any CPU.ActiveCfg = Debug|Any CPU
		{331DF43A-74D9-42E8-B4E7-73130F9FFBC5}.Debug|Any CPU.Build.0 = Debug|Any CPU
		{331DF43A-74D9-42E8-B4E7-73130F9FFBC5}.Release|Any CPU.ActiveCfg = Release|Any CPU
		{331DF43A-74D9-42E8-B4E7-73130F9FFBC5}.Release|Any CPU.Build.0 = Release|Any CPU
		{E7488E95-BCC7-41C3-969D-67F13F834319}.Debug|Any CPU.ActiveCfg = Debug|Any CPU
		{E7488E95-BCC7-41C3-969D-67F13F834319}.Debug|Any CPU.Build.0 = Debug|Any CPU
		{E7488E95-BCC7-41C3-969D-67F13F834319}.Release|Any CPU.ActiveCfg = Release|Any CPU
		{E7488E95-BCC7-41C3-969D-67F13F834319}.Release|Any CPU.Build.0 = Release|Any CPU
		{7208629F-590E-4845-BD74-CEDF47097CBF}.Debug|Any CPU.ActiveCfg = Debug|Any CPU
		{7208629F-590E-4845-BD74-CEDF47097CBF}.Debug|Any CPU.Build.0 = Debug|Any CPU
		{7208629F-590E-4845-BD74-CEDF47097CBF}.Release|Any CPU.ActiveCfg = Release|Any CPU
		{7208629F-590E-4845-BD74-CEDF47097CBF}.Release|Any CPU.Build.0 = Release|Any CPU
		{98D4E57F-055A-443D-B8EE-2D1C01767710}.Debug|Any CPU.ActiveCfg = Debug|Any CPU
		{98D4E57F-055A-443D-B8EE-2D1C01767710}.Debug|Any CPU.Build.0 = Debug|Any CPU
		{98D4E57F-055A-443D-B8EE-2D1C01767710}.Release|Any CPU.ActiveCfg = Release|Any CPU
		{98D4E57F-055A-443D-B8EE-2D1C01767710}.Release|Any CPU.Build.0 = Release|Any CPU
		{727D34F6-9EBF-44F1-A1BB-84B5F110A85F}.Debug|Any CPU.ActiveCfg = Debug|Any CPU
		{727D34F6-9EBF-44F1-A1BB-84B5F110A85F}.Debug|Any CPU.Build.0 = Debug|Any CPU
		{727D34F6-9EBF-44F1-A1BB-84B5F110A85F}.Release|Any CPU.ActiveCfg = Release|Any CPU
		{727D34F6-9EBF-44F1-A1BB-84B5F110A85F}.Release|Any CPU.Build.0 = Release|Any CPU
		{C05CD130-4CEE-4DF4-A0AD-1979CBA37ECA}.Debug|Any CPU.ActiveCfg = Debug|Any CPU
		{C05CD130-4CEE-4DF4-A0AD-1979CBA37ECA}.Debug|Any CPU.Build.0 = Debug|Any CPU
		{C05CD130-4CEE-4DF4-A0AD-1979CBA37ECA}.Release|Any CPU.ActiveCfg = Release|Any CPU
		{C05CD130-4CEE-4DF4-A0AD-1979CBA37ECA}.Release|Any CPU.Build.0 = Release|Any CPU
		{B8B8D500-7D0E-4DA4-9FE5-7B621BB32975}.Debug|Any CPU.ActiveCfg = Debug|Any CPU
		{B8B8D500-7D0E-4DA4-9FE5-7B621BB32975}.Debug|Any CPU.Build.0 = Debug|Any CPU
		{B8B8D500-7D0E-4DA4-9FE5-7B621BB32975}.Release|Any CPU.ActiveCfg = Release|Any CPU
		{B8B8D500-7D0E-4DA4-9FE5-7B621BB32975}.Release|Any CPU.Build.0 = Release|Any CPU
		{2CA2D223-CA78-4B70-BCE4-6D4C3345094A}.Debug|Any CPU.ActiveCfg = Debug|Any CPU
		{2CA2D223-CA78-4B70-BCE4-6D4C3345094A}.Debug|Any CPU.Build.0 = Debug|Any CPU
		{2CA2D223-CA78-4B70-BCE4-6D4C3345094A}.Release|Any CPU.ActiveCfg = Release|Any CPU
		{2CA2D223-CA78-4B70-BCE4-6D4C3345094A}.Release|Any CPU.Build.0 = Release|Any CPU
		{AB01F41E-8028-4263-A2B4-278555ECF25E}.Debug|Any CPU.ActiveCfg = Debug|Any CPU
		{AB01F41E-8028-4263-A2B4-278555ECF25E}.Debug|Any CPU.Build.0 = Debug|Any CPU
		{AB01F41E-8028-4263-A2B4-278555ECF25E}.Release|Any CPU.ActiveCfg = Release|Any CPU
		{AB01F41E-8028-4263-A2B4-278555ECF25E}.Release|Any CPU.Build.0 = Release|Any CPU
		{46A416E2-9C63-4B03-AB4D-96EB240C0B00}.Debug|Any CPU.ActiveCfg = Debug|Any CPU
		{46A416E2-9C63-4B03-AB4D-96EB240C0B00}.Debug|Any CPU.Build.0 = Debug|Any CPU
		{46A416E2-9C63-4B03-AB4D-96EB240C0B00}.Release|Any CPU.ActiveCfg = Release|Any CPU
		{46A416E2-9C63-4B03-AB4D-96EB240C0B00}.Release|Any CPU.Build.0 = Release|Any CPU
		{3A988CB0-66F0-41AD-A071-F4701FB53CBB}.Debug|Any CPU.ActiveCfg = Debug|Any CPU
		{3A988CB0-66F0-41AD-A071-F4701FB53CBB}.Debug|Any CPU.Build.0 = Debug|Any CPU
		{3A988CB0-66F0-41AD-A071-F4701FB53CBB}.Release|Any CPU.ActiveCfg = Release|Any CPU
		{3A988CB0-66F0-41AD-A071-F4701FB53CBB}.Release|Any CPU.Build.0 = Release|Any CPU
		{652ECF5C-351F-46CA-9066-572477CF2706}.Debug|Any CPU.ActiveCfg = Debug|Any CPU
		{652ECF5C-351F-46CA-9066-572477CF2706}.Debug|Any CPU.Build.0 = Debug|Any CPU
		{652ECF5C-351F-46CA-9066-572477CF2706}.Release|Any CPU.ActiveCfg = Release|Any CPU
		{652ECF5C-351F-46CA-9066-572477CF2706}.Release|Any CPU.Build.0 = Release|Any CPU
	EndGlobalSection
	GlobalSection(SolutionProperties) = preSolution
		HideSolutionNode = FALSE
	EndGlobalSection
	GlobalSection(NestedProjects) = preSolution
		{66847771-1D87-4C9D-BA57-18609BDB2C08} = {9595C43B-3193-4585-BE9E-6E19627F38CE}
		{7EBDCE22-3BD4-4DAA-97E7-0905B043EF66} = {9595C43B-3193-4585-BE9E-6E19627F38CE}
		{6ECD0BFC-6D3D-4DAE-A70B-F94778336D05} = {9595C43B-3193-4585-BE9E-6E19627F38CE}
		{3F4C3BCF-B3A1-4957-A1A3-A774E834B6E6} = {9595C43B-3193-4585-BE9E-6E19627F38CE}
		{DB661DA7-4754-4783-B2C4-6BD0EC7C120C} = {9595C43B-3193-4585-BE9E-6E19627F38CE}
		{F048397A-AFE7-4380-92A2-6130816E6946} = {A5BA9ABE-2783-4854-9AF6-9FA4990079EC}
		{F03CB2F9-84E0-40D7-97E0-A23F2298726E} = {A5BA9ABE-2783-4854-9AF6-9FA4990079EC}
		{3F495DAD-87CD-4D6D-8EE6-1BD64247C010} = {A5BA9ABE-2783-4854-9AF6-9FA4990079EC}
		{DF21605A-F24A-4CD8-8D57-CE53A1184D50} = {A5BA9ABE-2783-4854-9AF6-9FA4990079EC}
		{AD856E7E-72D2-42C0-A3C5-642BF39BE8AE} = {A5BA9ABE-2783-4854-9AF6-9FA4990079EC}
		{E22B281C-550C-4571-8420-B8D9729B6875} = {A5BA9ABE-2783-4854-9AF6-9FA4990079EC}
		{12FD7014-AE84-414B-BA97-1E313FCB105E} = {A5BA9ABE-2783-4854-9AF6-9FA4990079EC}
		{A27B824A-20E8-46D8-BA3D-4E0F57EA8B69} = {A5BA9ABE-2783-4854-9AF6-9FA4990079EC}
		{5CFF4D36-DD65-40FA-BE1D-3431333B67A2} = {A5BA9ABE-2783-4854-9AF6-9FA4990079EC}
		{2AF82C3D-1291-4DDD-BE0A-CC69603F465A} = {A5BA9ABE-2783-4854-9AF6-9FA4990079EC}
		{F1560EBC-32B7-4B04-B498-699149E8DF56} = {183DAF71-B058-42AA-A36D-9F3A84F3D628}
		{4FDAC4D1-5480-4775-9480-2D4ABE38A2AD} = {183DAF71-B058-42AA-A36D-9F3A84F3D628}
		{331DF43A-74D9-42E8-B4E7-73130F9FFBC5} = {183DAF71-B058-42AA-A36D-9F3A84F3D628}
		{E7488E95-BCC7-41C3-969D-67F13F834319} = {183DAF71-B058-42AA-A36D-9F3A84F3D628}
		{7208629F-590E-4845-BD74-CEDF47097CBF} = {AC7C38A3-88D4-443C-AD6D-2E6500F43D1F}
		{98D4E57F-055A-443D-B8EE-2D1C01767710} = {AC7C38A3-88D4-443C-AD6D-2E6500F43D1F}
		{727D34F6-9EBF-44F1-A1BB-84B5F110A85F} = {AC7C38A3-88D4-443C-AD6D-2E6500F43D1F}
		{C05CD130-4CEE-4DF4-A0AD-1979CBA37ECA} = {AC7C38A3-88D4-443C-AD6D-2E6500F43D1F}
		{B8B8D500-7D0E-4DA4-9FE5-7B621BB32975} = {AC7C38A3-88D4-443C-AD6D-2E6500F43D1F}
		{2CA2D223-CA78-4B70-BCE4-6D4C3345094A} = {AC7C38A3-88D4-443C-AD6D-2E6500F43D1F}
		{AB01F41E-8028-4263-A2B4-278555ECF25E} = {AC7C38A3-88D4-443C-AD6D-2E6500F43D1F}
		{46A416E2-9C63-4B03-AB4D-96EB240C0B00} = {AC7C38A3-88D4-443C-AD6D-2E6500F43D1F}
		{3A988CB0-66F0-41AD-A071-F4701FB53CBB} = {AC7C38A3-88D4-443C-AD6D-2E6500F43D1F}
		{652ECF5C-351F-46CA-9066-572477CF2706} = {AC7C38A3-88D4-443C-AD6D-2E6500F43D1F}
	EndGlobalSection
	GlobalSection(ExtensibilityGlobals) = postSolution
		SolutionGuid = {F825EB79-A53B-4000-9D13-42AB6499833A}
	EndGlobalSection
EndGlobal
